// !$*UTF8*$!
{
	archiveVersion = 1;
	classes = {
	};
	objectVersion = 46;
	objects = {

/* Begin PBXBuildFile section */
		2CC64DEF1E65421500C6D9F7 /* AppDelegate.swift in Sources */ = {isa = PBXBuildFile; fileRef = 2CC64DEE1E65421500C6D9F7 /* AppDelegate.swift */; };
		2CC64DF11E65421500C6D9F7 /* ViewController.swift in Sources */ = {isa = PBXBuildFile; fileRef = 2CC64DF01E65421500C6D9F7 /* ViewController.swift */; };
		2CC64DF41E65421500C6D9F7 /* Main.storyboard in Resources */ = {isa = PBXBuildFile; fileRef = 2CC64DF21E65421500C6D9F7 /* Main.storyboard */; };
		2CC64DF61E65421500C6D9F7 /* Assets.xcassets in Resources */ = {isa = PBXBuildFile; fileRef = 2CC64DF51E65421500C6D9F7 /* Assets.xcassets */; };
		2CC64DF91E65421500C6D9F7 /* LaunchScreen.storyboard in Resources */ = {isa = PBXBuildFile; fileRef = 2CC64DF71E65421500C6D9F7 /* LaunchScreen.storyboard */; };
		2CC64E021E65609200C6D9F7 /* SettingViewController.swift in Sources */ = {isa = PBXBuildFile; fileRef = 2CC64E001E65609200C6D9F7 /* SettingViewController.swift */; };
		3392B0204EA1984E7F900D9E /* Pods_WebKyu.framework in Frameworks */ = {isa = PBXBuildFile; fileRef = AC9C6EBD4877AA5BFAC2DCBE /* Pods_WebKyu.framework */; };
/* End PBXBuildFile section */

/* Begin PBXFileReference section */
		2CC64DEB1E65421500C6D9F7 /* WebKyu.app */ = {isa = PBXFileReference; explicitFileType = wrapper.application; includeInIndex = 0; path = WebKyu.app; sourceTree = BUILT_PRODUCTS_DIR; };
		2CC64DEE1E65421500C6D9F7 /* AppDelegate.swift */ = {isa = PBXFileReference; lastKnownFileType = sourcecode.swift; path = AppDelegate.swift; sourceTree = "<group>"; };
		2CC64DF01E65421500C6D9F7 /* ViewController.swift */ = {isa = PBXFileReference; lastKnownFileType = sourcecode.swift; path = ViewController.swift; sourceTree = "<group>"; };
		2CC64DF31E65421500C6D9F7 /* Base */ = {isa = PBXFileReference; lastKnownFileType = file.storyboard; name = Base; path = Base.lproj/Main.storyboard; sourceTree = "<group>"; };
		2CC64DF51E65421500C6D9F7 /* Assets.xcassets */ = {isa = PBXFileReference; lastKnownFileType = folder.assetcatalog; path = Assets.xcassets; sourceTree = "<group>"; };
		2CC64DF81E65421500C6D9F7 /* Base */ = {isa = PBXFileReference; lastKnownFileType = file.storyboard; name = Base; path = Base.lproj/LaunchScreen.storyboard; sourceTree = "<group>"; };
		2CC64DFA1E65421500C6D9F7 /* Info.plist */ = {isa = PBXFileReference; lastKnownFileType = text.plist.xml; path = Info.plist; sourceTree = "<group>"; };
		2CC64E001E65609200C6D9F7 /* SettingViewController.swift */ = {isa = PBXFileReference; fileEncoding = 4; lastKnownFileType = sourcecode.swift; path = SettingViewController.swift; sourceTree = "<group>"; };
		7E09F5B589C5337C0431DBC6 /* Pods-WebKyu.release.xcconfig */ = {isa = PBXFileReference; includeInIndex = 1; lastKnownFileType = text.xcconfig; name = "Pods-WebKyu.release.xcconfig"; path = "Pods/Target Support Files/Pods-WebKyu/Pods-WebKyu.release.xcconfig"; sourceTree = "<group>"; };
		AC9C6EBD4877AA5BFAC2DCBE /* Pods_WebKyu.framework */ = {isa = PBXFileReference; explicitFileType = wrapper.framework; includeInIndex = 0; path = Pods_WebKyu.framework; sourceTree = BUILT_PRODUCTS_DIR; };
		F3D5981C0A6A5949B63AC406 /* Pods-WebKyu.debug.xcconfig */ = {isa = PBXFileReference; includeInIndex = 1; lastKnownFileType = text.xcconfig; name = "Pods-WebKyu.debug.xcconfig"; path = "Pods/Target Support Files/Pods-WebKyu/Pods-WebKyu.debug.xcconfig"; sourceTree = "<group>"; };
/* End PBXFileReference section */

/* Begin PBXFrameworksBuildPhase section */
		2CC64DE81E65421500C6D9F7 /* Frameworks */ = {
			isa = PBXFrameworksBuildPhase;
			buildActionMask = 2147483647;
			files = (
				3392B0204EA1984E7F900D9E /* Pods_WebKyu.framework in Frameworks */,
			);
			runOnlyForDeploymentPostprocessing = 0;
		};
/* End PBXFrameworksBuildPhase section */

/* Begin PBXGroup section */
		2CC64DE21E65421500C6D9F7 = {
			isa = PBXGroup;
			children = (
				2CC64DED1E65421500C6D9F7 /* WebKyu */,
				2CC64DEC1E65421500C6D9F7 /* Products */,
				8BBDC6BED416C17FAD30269F /* Pods */,
				4F2155BF0E05F2F1EDEAFD57 /* Frameworks */,
			);
			sourceTree = "<group>";
		};
		2CC64DEC1E65421500C6D9F7 /* Products */ = {
			isa = PBXGroup;
			children = (
				2CC64DEB1E65421500C6D9F7 /* WebKyu.app */,
			);
			name = Products;
			sourceTree = "<group>";
		};
		2CC64DED1E65421500C6D9F7 /* WebKyu */ = {
			isa = PBXGroup;
			children = (
				2CC64DEE1E65421500C6D9F7 /* AppDelegate.swift */,
				2CC64DF01E65421500C6D9F7 /* ViewController.swift */,
				2CC64E001E65609200C6D9F7 /* SettingViewController.swift */,
				2CC64DF21E65421500C6D9F7 /* Main.storyboard */,
				2CC64DF51E65421500C6D9F7 /* Assets.xcassets */,
				2CC64DF71E65421500C6D9F7 /* LaunchScreen.storyboard */,
				2CC64DFA1E65421500C6D9F7 /* Info.plist */,
			);
			path = WebKyu;
			sourceTree = "<group>";
		};
		4F2155BF0E05F2F1EDEAFD57 /* Frameworks */ = {
			isa = PBXGroup;
			children = (
				AC9C6EBD4877AA5BFAC2DCBE /* Pods_WebKyu.framework */,
			);
			name = Frameworks;
			sourceTree = "<group>";
		};
		8BBDC6BED416C17FAD30269F /* Pods */ = {
			isa = PBXGroup;
			children = (
				F3D5981C0A6A5949B63AC406 /* Pods-WebKyu.debug.xcconfig */,
				7E09F5B589C5337C0431DBC6 /* Pods-WebKyu.release.xcconfig */,
			);
			name = Pods;
			sourceTree = "<group>";
		};
/* End PBXGroup section */

/* Begin PBXNativeTarget section */
		2CC64DEA1E65421500C6D9F7 /* WebKyu */ = {
			isa = PBXNativeTarget;
			buildConfigurationList = 2CC64DFD1E65421500C6D9F7 /* Build configuration list for PBXNativeTarget "WebKyu" */;
			buildPhases = (
				4F5B485C9B24CA29D6D7E652 /* [CP] Check Pods Manifest.lock */,
				2CC64DE71E65421500C6D9F7 /* Sources */,
				2CC64DE81E65421500C6D9F7 /* Frameworks */,
				2CC64DE91E65421500C6D9F7 /* Resources */,
				386DA250839828C961DD4AC4 /* [CP] Embed Pods Frameworks */,
				FEDDF4038CDBC5BE718C1983 /* [CP] Copy Pods Resources */,
			);
			buildRules = (
			);
			dependencies = (
			);
			name = WebKyu;
			productName = WebKyu;
			productReference = 2CC64DEB1E65421500C6D9F7 /* WebKyu.app */;
			productType = "com.apple.product-type.application";
		};
/* End PBXNativeTarget section */

/* Begin PBXProject section */
		2CC64DE31E65421500C6D9F7 /* Project object */ = {
			isa = PBXProject;
			attributes = {
				LastSwiftUpdateCheck = 0820;
				LastUpgradeCheck = 0820;
				ORGANIZATIONNAME = mmd;
				TargetAttributes = {
					2CC64DEA1E65421500C6D9F7 = {
						CreatedOnToolsVersion = 8.2.1;
						DevelopmentTeam = 3Z3K367TN7;
						ProvisioningStyle = Automatic;
					};
				};
			};
			buildConfigurationList = 2CC64DE61E65421500C6D9F7 /* Build configuration list for PBXProject "WebKyu" */;
			compatibilityVersion = "Xcode 3.2";
			developmentRegion = English;
			hasScannedForEncodings = 0;
			knownRegions = (
				en,
				Base,
			);
			mainGroup = 2CC64DE21E65421500C6D9F7;
			productRefGroup = 2CC64DEC1E65421500C6D9F7 /* Products */;
			projectDirPath = "";
			projectRoot = "";
			targets = (
				2CC64DEA1E65421500C6D9F7 /* WebKyu */,
			);
		};
/* End PBXProject section */

/* Begin PBXResourcesBuildPhase section */
		2CC64DE91E65421500C6D9F7 /* Resources */ = {
			isa = PBXResourcesBuildPhase;
			buildActionMask = 2147483647;
			files = (
				2CC64DF91E65421500C6D9F7 /* LaunchScreen.storyboard in Resources */,
				2CC64DF61E65421500C6D9F7 /* Assets.xcassets in Resources */,
				2CC64DF41E65421500C6D9F7 /* Main.storyboard in Resources */,
			);
			runOnlyForDeploymentPostprocessing = 0;
		};
/* End PBXResourcesBuildPhase section */

/* Begin PBXShellScriptBuildPhase section */
		386DA250839828C961DD4AC4 /* [CP] Embed Pods Frameworks */ = {
			isa = PBXShellScriptBuildPhase;
			buildActionMask = 2147483647;
			files = (
			);
			inputPaths = (
			);
			name = "[CP] Embed Pods Frameworks";
			outputPaths = (
			);
			runOnlyForDeploymentPostprocessing = 0;
			shellPath = /bin/sh;
			shellScript = "\"${SRCROOT}/Pods/Target Support Files/Pods-WebKyu/Pods-WebKyu-frameworks.sh\"\n";
			showEnvVarsInLog = 0;
		};
		4F5B485C9B24CA29D6D7E652 /* [CP] Check Pods Manifest.lock */ = {
			isa = PBXShellScriptBuildPhase;
			buildActionMask = 2147483647;
			files = (
			);
			inputPaths = (
			);
			name = "[CP] Check Pods Manifest.lock";
			outputPaths = (
			);
			runOnlyForDeploymentPostprocessing = 0;
			shellPath = /bin/sh;
			shellScript = "diff \"${PODS_ROOT}/../Podfile.lock\" \"${PODS_ROOT}/Manifest.lock\" > /dev/null\nif [ $? != 0 ] ; then\n    # print error to STDERR\n    echo \"error: The sandbox is not in sync with the Podfile.lock. Run 'pod install' or update your CocoaPods installation.\" >&2\n    exit 1\nfi\n";
			showEnvVarsInLog = 0;
		};
		FEDDF4038CDBC5BE718C1983 /* [CP] Copy Pods Resources */ = {
			isa = PBXShellScriptBuildPhase;
			buildActionMask = 2147483647;
			files = (
			);
			inputPaths = (
			);
			name = "[CP] Copy Pods Resources";
			outputPaths = (
			);
			runOnlyForDeploymentPostprocessing = 0;
			shellPath = /bin/sh;
			shellScript = "\"${SRCROOT}/Pods/Target Support Files/Pods-WebKyu/Pods-WebKyu-resources.sh\"\n";
			showEnvVarsInLog = 0;
		};
/* End PBXShellScriptBuildPhase section */

/* Begin PBXSourcesBuildPhase section */
		2CC64DE71E65421500C6D9F7 /* Sources */ = {
			isa = PBXSourcesBuildPhase;
			buildActionMask = 2147483647;
			files = (
				2CC64DF11E65421500C6D9F7 /* ViewController.swift in Sources */,
				2CC64DEF1E65421500C6D9F7 /* AppDelegate.swift in Sources */,
				2CC64E021E65609200C6D9F7 /* SettingViewController.swift in Sources */,
			);
			runOnlyForDeploymentPostprocessing = 0;
		};
/* End PBXSourcesBuildPhase section */

/* Begin PBXVariantGroup section */
		2CC64DF21E65421500C6D9F7 /* Main.storyboard */ = {
			isa = PBXVariantGroup;
			children = (
				2CC64DF31E65421500C6D9F7 /* Base */,
			);
			name = Main.storyboard;
			sourceTree = "<group>";
		};
		2CC64DF71E65421500C6D9F7 /* LaunchScreen.storyboard */ = {
			isa = PBXVariantGroup;
			children = (
				2CC64DF81E65421500C6D9F7 /* Base */,
			);
			name = LaunchScreen.storyboard;
			sourceTree = "<group>";
		};
/* End PBXVariantGroup section */

/* Begin XCBuildConfiguration section */
		2CC64DFB1E65421500C6D9F7 /* Debug */ = {
			isa = XCBuildConfiguration;
			buildSettings = {
				ALWAYS_SEARCH_USER_PATHS = NO;
				CLANG_ANALYZER_NONNULL = YES;
				CLANG_CXX_LANGUAGE_STANDARD = "gnu++0x";
				CLANG_CXX_LIBRARY = "libc++";
				CLANG_ENABLE_MODULES = YES;
				CLANG_ENABLE_OBJC_ARC = YES;
				CLANG_WARN_BOOL_CONVERSION = YES;
				CLANG_WARN_CONSTANT_CONVERSION = YES;
				CLANG_WARN_DIRECT_OBJC_ISA_USAGE = YES_ERROR;
				CLANG_WARN_DOCUMENTATION_COMMENTS = YES;
				CLANG_WARN_EMPTY_BODY = YES;
				CLANG_WARN_ENUM_CONVERSION = YES;
				CLANG_WARN_INFINITE_RECURSION = YES;
				CLANG_WARN_INT_CONVERSION = YES;
				CLANG_WARN_OBJC_ROOT_CLASS = YES_ERROR;
				CLANG_WARN_SUSPICIOUS_MOVE = YES;
				CLANG_WARN_UNREACHABLE_CODE = YES;
				CLANG_WARN__DUPLICATE_METHOD_MATCH = YES;
				"CODE_SIGN_IDENTITY[sdk=iphoneos*]" = "iPhone Developer";
				COPY_PHASE_STRIP = NO;
				DEBUG_INFORMATION_FORMAT = dwarf;
				ENABLE_STRICT_OBJC_MSGSEND = YES;
				ENABLE_TESTABILITY = YES;
				GCC_C_LANGUAGE_STANDARD = gnu99;
				GCC_DYNAMIC_NO_PIC = NO;
				GCC_NO_COMMON_BLOCKS = YES;
				GCC_OPTIMIZATION_LEVEL = 0;
				GCC_PREPROCESSOR_DEFINITIONS = (
					"DEBUG=1",
					"$(inherited)",
				);
				GCC_WARN_64_TO_32_BIT_CONVERSION = YES;
				GCC_WARN_ABOUT_RETURN_TYPE = YES_ERROR;
				GCC_WARN_UNDECLARED_SELECTOR = YES;
				GCC_WARN_UNINITIALIZED_AUTOS = YES_AGGRESSIVE;
				GCC_WARN_UNUSED_FUNCTION = YES;
				GCC_WARN_UNUSED_VARIABLE = YES;
				IPHONEOS_DEPLOYMENT_TARGET = 10.2;
				MTL_ENABLE_DEBUG_INFO = YES;
				ONLY_ACTIVE_ARCH = YES;
				SDKROOT = iphoneos;
				SWIFT_ACTIVE_COMPILATION_CONDITIONS = DEBUG;
				SWIFT_OPTIMIZATION_LEVEL = "-Onone";
				TARGETED_DEVICE_FAMILY = "1,2";
			};
			name = Debug;
		};
		2CC64DFC1E65421500C6D9F7 /* Release */ = {
			isa = XCBuildConfiguration;
			buildSettings = {
				ALWAYS_SEARCH_USER_PATHS = NO;
				CLANG_ANALYZER_NONNULL = YES;
				CLANG_CXX_LANGUAGE_STANDARD = "gnu++0x";
				CLANG_CXX_LIBRARY = "libc++";
				CLANG_ENABLE_MODULES = YES;
				CLANG_ENABLE_OBJC_ARC = YES;
				CLANG_WARN_BOOL_CONVERSION = YES;
				CLANG_WARN_CONSTANT_CONVERSION = YES;
				CLANG_WARN_DIRECT_OBJC_ISA_USAGE = YES_ERROR;
				CLANG_WARN_DOCUMENTATION_COMMENTS = YES;
				CLANG_WARN_EMPTY_BODY = YES;
				CLANG_WARN_ENUM_CONVERSION = YES;
				CLANG_WARN_INFINITE_RECURSION = YES;
				CLANG_WARN_INT_CONVERSION = YES;
				CLANG_WARN_OBJC_ROOT_CLASS = YES_ERROR;
				CLANG_WARN_SUSPICIOUS_MOVE = YES;
				CLANG_WARN_UNREACHABLE_CODE = YES;
				CLANG_WARN__DUPLICATE_METHOD_MATCH = YES;
				"CODE_SIGN_IDENTITY[sdk=iphoneos*]" = "iPhone Developer";
				COPY_PHASE_STRIP = NO;
				DEBUG_INFORMATION_FORMAT = "dwarf-with-dsym";
				ENABLE_NS_ASSERTIONS = NO;
				ENABLE_STRICT_OBJC_MSGSEND = YES;
				GCC_C_LANGUAGE_STANDARD = gnu99;
				GCC_NO_COMMON_BLOCKS = YES;
				GCC_WARN_64_TO_32_BIT_CONVERSION = YES;
				GCC_WARN_ABOUT_RETURN_TYPE = YES_ERROR;
				GCC_WARN_UNDECLARED_SELECTOR = YES;
				GCC_WARN_UNINITIALIZED_AUTOS = YES_AGGRESSIVE;
				GCC_WARN_UNUSED_FUNCTION = YES;
				GCC_WARN_UNUSED_VARIABLE = YES;
				IPHONEOS_DEPLOYMENT_TARGET = 10.2;
				MTL_ENABLE_DEBUG_INFO = NO;
				SDKROOT = iphoneos;
				SWIFT_OPTIMIZATION_LEVEL = "-Owholemodule";
				TARGETED_DEVICE_FAMILY = "1,2";
				VALIDATE_PRODUCT = YES;
			};
			name = Release;
		};
		2CC64DFE1E65421500C6D9F7 /* Debug */ = {
			isa = XCBuildConfiguration;
			baseConfigurationReference = F3D5981C0A6A5949B63AC406 /* Pods-WebKyu.debug.xcconfig */;
			buildSettings = {
				ASSETCATALOG_COMPILER_APPICON_NAME = AppIcon;
				DEVELOPMENT_TEAM = 3Z3K367TN7;
				INFOPLIST_FILE = WebKyu/Info.plist;
				LD_RUNPATH_SEARCH_PATHS = "$(inherited) @executable_path/Frameworks";
				PRODUCT_BUNDLE_IDENTIFIER = mmd.WebKyu;
				PRODUCT_NAME = "$(TARGET_NAME)";
				SWIFT_VERSION = 3.0;
			};
			name = Debug;
		};
		2CC64DFF1E65421500C6D9F7 /* Release */ = {
			isa = XCBuildConfiguration;
			baseConfigurationReference = 7E09F5B589C5337C0431DBC6 /* Pods-WebKyu.release.xcconfig */;
			buildSettings = {
				ASSETCATALOG_COMPILER_APPICON_NAME = AppIcon;
				DEVELOPMENT_TEAM = 3Z3K367TN7;
				INFOPLIST_FILE = WebKyu/Info.plist;
				LD_RUNPATH_SEARCH_PATHS = "$(inherited) @executable_path/Frameworks";
				PRODUCT_BUNDLE_IDENTIFIER = mmd.WebKyu;
				PRODUCT_NAME = "$(TARGET_NAME)";
				SWIFT_VERSION = 3.0;
			};
			name = Release;
		};
/* End XCBuildConfiguration section */

/* Begin XCConfigurationList section */
		2CC64DE61E65421500C6D9F7 /* Build configuration list for PBXProject "WebKyu" */ = {
			isa = XCConfigurationList;
			buildConfigurations = (
				2CC64DFB1E65421500C6D9F7 /* Debug */,
				2CC64DFC1E65421500C6D9F7 /* Release */,
			);
			defaultConfigurationIsVisible = 0;
			defaultConfigurationName = Release;
		};
		2CC64DFD1E65421500C6D9F7 /* Build configuration list for PBXNativeTarget "WebKyu" */ = {
			isa = XCConfigurationList;
			buildConfigurations = (
				2CC64DFE1E65421500C6D9F7 /* Debug */,
				2CC64DFF1E65421500C6D9F7 /* Release */,
			);
			defaultConfigurationIsVisible = 0;
			defaultConfigurationName = Release;
		};
/* End XCConfigurationList section */
	};
	rootObject = 2CC64DE31E65421500C6D9F7 /* Project object */;
}
