PODS:
  - EasyAnimation (2.2.1)
  - Kingfisher (4.10.1)
  - SnapKit (4.2.0)
  - SQLite.swift (0.12.2):
    - SQLite.swift/standard (= 0.12.2)
  - SQLite.swift/standard (0.12.2)
  - YYImage (1.0.4):
    - YYImage/Core (= 1.0.4)
  - YYImage/Core (1.0.4)

DEPENDENCIES:
  - EasyAnimation
  - Kingfisher
  - SnapKit
  - SQLite.swift
  - YYImage

SPEC REPOS:
  https://github.com/cocoapods/specs.git:
    - EasyAnimation
    - Kingfisher
    - SnapKit
    - SQLite.swift
    - YYImage

SPEC CHECKSUMS:
  EasyAnimation: 226d133d23ef0ef99ddfb8928ff2a9a4a77d1cfd
  Kingfisher: c148cd7b47ebde9989f6bc7c27dcaa79d81279a0
  SnapKit: fe8a619752f3f27075cc9a90244d75c6c3f27e2a
  SQLite.swift: d2b4642190917051ce6bd1d49aab565fe794eea3
  YYImage: 1e1b62a9997399593e4b9c4ecfbbabbf1d3f3b54

PODFILE CHECKSUM: edd5b545fb6ec00c660bd417e3459d3c9dfdd0a2

COCOAPODS: 1.7.3
