PODS:
  - Crashlytics (3.8.4):
    - Fabric (~> 1.6.3)
  - EasyAnimation (1.1.1)
  - Fabric (1.6.11)
  - Firebase/Core (3.14.0):
    - FirebaseAnalytics (= 3.7.0)
    - FirebaseCore (= 3.5.1)
  - FirebaseAnalytics (3.7.0):
    - FirebaseCore (~> 3.5)
    - FirebaseInstanceID (~> 1.0)
    - GoogleToolboxForMac/NSData+zlib (~> 2.1)
  - FirebaseCore (3.5.1):
    - GoogleToolboxForMac/NSData+zlib (~> 2.1)
  - FirebaseInstanceID (1.0.9)
  - GoogleToolboxForMac/Defines (2.1.1)
  - GoogleToolboxForMac/NSData+zlib (2.1.1):
    - GoogleToolboxForMac/Defines (= 2.1.1)
  - JXPhotoBrowser (0.2.6):
    - Kingfisher
  - Kingfisher (3.5.0)
  - SnapKit (3.2.0)
  - SQLite.swift (0.11.2):
    - SQLite.swift/standard (= 0.11.2)
  - SQLite.swift/standard (0.11.2)
  - YYImage (1.0.4):
    - YYImage/Core (= 1.0.4)
  - YYImage/Core (1.0.4)

DEPENDENCIES:
  - Crashlytics
  - EasyAnimation
  - Fabric
  - Firebase/Core
  - JXPhotoBrowser
  - Kingfisher
  - SnapKit (~> 3.2.0)
  - SQLite.swift
  - YYImage

SPEC CHECKSUMS:
  Crashlytics: 79e236942ca1e7fc641df1feb9a275360a78ab6a
  EasyAnimation: e67601df3eb57e86c570948a250ce162a5665b8a
  Fabric: 5911403591946b8228ab1c51d98f1d7137e863c6
  Firebase: 85a581fb04e44f63ae9f4fbc8d6dabf4a4c18653
  FirebaseAnalytics: 0d1b7d81d5021155be37702a94ba1ec16d45365d
  FirebaseCore: 225d40532489835a034b8f4e2c9c87fbf4f615a2
  FirebaseInstanceID: 2d0518b1378fe9d685ef40cbdd63d2fdc1125339
  GoogleToolboxForMac: 8e329f1b599f2512c6b10676d45736bcc2cbbeb0
  JXPhotoBrowser: 9a2027a37459b05c69096c54d30c9f4badfb4bfd
  Kingfisher: 7c62087039d93d26c54c8dd9b0b588d2ce55cef6
  SnapKit: 1ca44df72cfa543218d177cb8aab029d10d86ea7
  SQLite.swift: 670c3e9e0a806bbfd56a3de5d530768dc0e6fe7c
  YYImage: 1e1b62a9997399593e4b9c4ecfbbabbf1d3f3b54

PODFILE CHECKSUM: e4fe9f4176bd42ccb4d05624e369b7ee2efd1c3b

COCOAPODS: 1.2.1
