PODS:
  - Firebase/Core (3.14.0):
    - FirebaseAnalytics (= 3.7.0)
    - FirebaseCore (= 3.5.1)
  - FirebaseAnalytics (3.7.0):
    - FirebaseCore (~> 3.5)
    - FirebaseInstanceID (~> 1.0)
    - GoogleToolboxForMac/NSData+zlib (~> 2.1)
  - FirebaseCore (3.5.1):
    - GoogleToolboxForMac/NSData+zlib (~> 2.1)
  - FirebaseInstanceID (1.0.9)
  - GoogleToolboxForMac/Defines (2.1.1)
  - GoogleToolboxForMac/NSData+zlib (2.1.1):
    - GoogleToolboxForMac/Defines (= 2.1.1)
  - Kingfisher (3.5.0)
  - SnapKit (3.2.0)

DEPENDENCIES:
  - Firebase/Core
  - Kingfisher
  - SnapKit (~> 3.2.0)

SPEC CHECKSUMS:
  Firebase: 85a581fb04e44f63ae9f4fbc8d6dabf4a4c18653
  FirebaseAnalytics: 0d1b7d81d5021155be37702a94ba1ec16d45365d
  FirebaseCore: 225d40532489835a034b8f4e2c9c87fbf4f615a2
  FirebaseInstanceID: 2d0518b1378fe9d685ef40cbdd63d2fdc1125339
  GoogleToolboxForMac: 8e329f1b599f2512c6b10676d45736bcc2cbbeb0
  Kingfisher: 7c62087039d93d26c54c8dd9b0b588d2ce55cef6
  SnapKit: 1ca44df72cfa543218d177cb8aab029d10d86ea7

PODFILE CHECKSUM: 51437e4d18bfecb5647dc1b1dd9a3615471174b0

COCOAPODS: 1.2.0
